
Microsoft Visual Studio Solution File, Format Version 12.00
# Visual Studio Version 16
VisualStudioVersion = 16.0.29728.190
MinimumVisualStudioVersion = 10.0.40219.1
Project("{FAE04EC0-301F-11D3-BF4B-00C04F79EFBC}") = "ej3", "ej3.csproj", "{8AB379E8-5B9F-4BF1-AC30-D09C63D232B2}"
EndProject
Global
	GlobalSection(SolutionConfigurationPlatforms) = preSolution
		Debug|Any CPU = Debug|Any CPU
		Release|Any CPU = Release|Any CPU
	EndGlobalSection
	GlobalSection(ProjectConfigurationPlatforms) = postSolution
		{8AB379E8-5B9F-4BF1-AC30-D09C63D232B2}.Debug|Any CPU.ActiveCfg = Debug|Any CPU
		{8AB379E8-5B9F-4BF1-AC30-D09C63D232B2}.Debug|Any CPU.Build.0 = Debug|Any CPU
		{8AB379E8-5B9F-4BF1-AC30-D09C63D232B2}.Release|Any CPU.ActiveCfg = Release|Any CPU
		{8AB379E8-5B9F-4BF1-AC30-D09C63D232B2}.Release|Any CPU.Build.0 = Release|Any CPU
	EndGlobalSection
	GlobalSection(SolutionProperties) = preSolution
		HideSolutionNode = FALSE
	EndGlobalSection
	GlobalSection(ExtensibilityGlobals) = postSolution
		SolutionGuid = {7A2E693A-F39C-4695-B87A-CB1B705A5555}
	EndGlobalSection
EndGlobal
