
Microsoft Visual Studio Solution File, Format Version 12.00
# Visual Studio Version 16
VisualStudioVersion = 16.0.29728.190
MinimumVisualStudioVersion = 10.0.40219.1
Project("{FAE04EC0-301F-11D3-BF4B-00C04F79EFBC}") = "ej18", "ej18.csproj", "{43CB9951-E971-4166-84B1-D2BE90108CB4}"
EndProject
Global
	GlobalSection(SolutionConfigurationPlatforms) = preSolution
		Debug|Any CPU = Debug|Any CPU
		Release|Any CPU = Release|Any CPU
	EndGlobalSection
	GlobalSection(ProjectConfigurationPlatforms) = postSolution
		{43CB9951-E971-4166-84B1-D2BE90108CB4}.Debug|Any CPU.ActiveCfg = Debug|Any CPU
		{43CB9951-E971-4166-84B1-D2BE90108CB4}.Debug|Any CPU.Build.0 = Debug|Any CPU
		{43CB9951-E971-4166-84B1-D2BE90108CB4}.Release|Any CPU.ActiveCfg = Release|Any CPU
		{43CB9951-E971-4166-84B1-D2BE90108CB4}.Release|Any CPU.Build.0 = Release|Any CPU
	EndGlobalSection
	GlobalSection(SolutionProperties) = preSolution
		HideSolutionNode = FALSE
	EndGlobalSection
	GlobalSection(ExtensibilityGlobals) = postSolution
		SolutionGuid = {07691F69-94F2-44C9-B616-094D5451EE90}
	EndGlobalSection
EndGlobal
