
Microsoft Visual Studio Solution File, Format Version 12.00
# Visual Studio Version 16
VisualStudioVersion = 16.0.29728.190
MinimumVisualStudioVersion = 10.0.40219.1
Project("{FAE04EC0-301F-11D3-BF4B-00C04F79EFBC}") = "ej5-Herencia", "ej5-Herencia.csproj", "{C374B3DD-6965-4DA5-BDE4-E71425DE6DF4}"
EndProject
Global
	GlobalSection(SolutionConfigurationPlatforms) = preSolution
		Debug|Any CPU = Debug|Any CPU
		Release|Any CPU = Release|Any CPU
	EndGlobalSection
	GlobalSection(ProjectConfigurationPlatforms) = postSolution
		{C374B3DD-6965-4DA5-BDE4-E71425DE6DF4}.Debug|Any CPU.ActiveCfg = Debug|Any CPU
		{C374B3DD-6965-4DA5-BDE4-E71425DE6DF4}.Debug|Any CPU.Build.0 = Debug|Any CPU
		{C374B3DD-6965-4DA5-BDE4-E71425DE6DF4}.Release|Any CPU.ActiveCfg = Release|Any CPU
		{C374B3DD-6965-4DA5-BDE4-E71425DE6DF4}.Release|Any CPU.Build.0 = Release|Any CPU
	EndGlobalSection
	GlobalSection(SolutionProperties) = preSolution
		HideSolutionNode = FALSE
	EndGlobalSection
	GlobalSection(ExtensibilityGlobals) = postSolution
		SolutionGuid = {CE772865-0272-41F9-B45E-D93ACF4E03F1}
	EndGlobalSection
EndGlobal
