
Microsoft Visual Studio Solution File, Format Version 12.00
# Visual Studio Version 16
VisualStudioVersion = 16.0.29728.190
MinimumVisualStudioVersion = 10.0.40219.1
Project("{FAE04EC0-301F-11D3-BF4B-00C04F79EFBC}") = "ej6-ClasesAbstractas", "ej6-ClasesAbstractas.csproj", "{579B6E66-998F-40D4-BF3B-3D3B993BED7C}"
EndProject
Global
	GlobalSection(SolutionConfigurationPlatforms) = preSolution
		Debug|Any CPU = Debug|Any CPU
		Release|Any CPU = Release|Any CPU
	EndGlobalSection
	GlobalSection(ProjectConfigurationPlatforms) = postSolution
		{579B6E66-998F-40D4-BF3B-3D3B993BED7C}.Debug|Any CPU.ActiveCfg = Debug|Any CPU
		{579B6E66-998F-40D4-BF3B-3D3B993BED7C}.Debug|Any CPU.Build.0 = Debug|Any CPU
		{579B6E66-998F-40D4-BF3B-3D3B993BED7C}.Release|Any CPU.ActiveCfg = Release|Any CPU
		{579B6E66-998F-40D4-BF3B-3D3B993BED7C}.Release|Any CPU.Build.0 = Release|Any CPU
	EndGlobalSection
	GlobalSection(SolutionProperties) = preSolution
		HideSolutionNode = FALSE
	EndGlobalSection
	GlobalSection(ExtensibilityGlobals) = postSolution
		SolutionGuid = {9B6726CB-F563-475C-AE91-8128C32431F4}
	EndGlobalSection
EndGlobal
