
Microsoft Visual Studio Solution File, Format Version 12.00
# Visual Studio Version 16
VisualStudioVersion = 16.0.29728.190
MinimumVisualStudioVersion = 10.0.40219.1
Project("{FAE04EC0-301F-11D3-BF4B-00C04F79EFBC}") = "Ej2-Excepciones", "Ej2-Excepciones.csproj", "{669E6548-1B3E-42E3-A6D8-A5E6A5822B37}"
EndProject
Global
	GlobalSection(SolutionConfigurationPlatforms) = preSolution
		Debug|Any CPU = Debug|Any CPU
		Release|Any CPU = Release|Any CPU
	EndGlobalSection
	GlobalSection(ProjectConfigurationPlatforms) = postSolution
		{669E6548-1B3E-42E3-A6D8-A5E6A5822B37}.Debug|Any CPU.ActiveCfg = Debug|Any CPU
		{669E6548-1B3E-42E3-A6D8-A5E6A5822B37}.Debug|Any CPU.Build.0 = Debug|Any CPU
		{669E6548-1B3E-42E3-A6D8-A5E6A5822B37}.Release|Any CPU.ActiveCfg = Release|Any CPU
		{669E6548-1B3E-42E3-A6D8-A5E6A5822B37}.Release|Any CPU.Build.0 = Release|Any CPU
	EndGlobalSection
	GlobalSection(SolutionProperties) = preSolution
		HideSolutionNode = FALSE
	EndGlobalSection
	GlobalSection(ExtensibilityGlobals) = postSolution
		SolutionGuid = {FA75450D-C415-418B-8F12-B54C0CCD4D71}
	EndGlobalSection
EndGlobal
